// !$*UTF8*$!
{
	archiveVersion = 1;
	classes = {
	};
	objectVersion = 48;
	objects = {

/* Begin PBXBuildFile section */
		452801C3AF3CE42CACF92C98 /* Pods_Teknio.framework in Frameworks */ = {isa = PBXBuildFile; fileRef = BC88375EE18CF7B0C83BD176 /* Pods_Teknio.framework */; };
		863BD71EB9F9BEF92EB2FEA9 /* Pods_TeknioTests.framework in Frameworks */ = {isa = PBXBuildFile; fileRef = F898B8DEFD458AB690CAC8E6 /* Pods_TeknioTests.framework */; };
		D767EAA32119FD5700FC313A /* AppDelegate.swift in Sources */ = {isa = PBXBuildFile; fileRef = D767EAA22119FD5700FC313A /* AppDelegate.swift */; };
		D767EAA52119FD5700FC313A /* ViewController.swift in Sources */ = {isa = PBXBuildFile; fileRef = D767EAA42119FD5700FC313A /* ViewController.swift */; };
		D767EAA82119FD5700FC313A /* Main.storyboard in Resources */ = {isa = PBXBuildFile; fileRef = D767EAA62119FD5700FC313A /* Main.storyboard */; };
		D767EAAA2119FD5800FC313A /* Assets.xcassets in Resources */ = {isa = PBXBuildFile; fileRef = D767EAA92119FD5800FC313A /* Assets.xcassets */; };
		D767EAAD2119FD5800FC313A /* LaunchScreen.storyboard in Resources */ = {isa = PBXBuildFile; fileRef = D767EAAB2119FD5800FC313A /* LaunchScreen.storyboard */; };
		D767EAB82119FD5800FC313A /* TeknioTests.swift in Sources */ = {isa = PBXBuildFile; fileRef = D767EAB72119FD5800FC313A /* TeknioTests.swift */; };
		D7FE4B6521307274004212C3 /* Localizable.strings in Resources */ = {isa = PBXBuildFile; fileRef = D7FE4B6721307274004212C3 /* Localizable.strings */; };
		D7FE4B6A2130732F004212C3 /* Localization.swift in Sources */ = {isa = PBXBuildFile; fileRef = D7FE4B692130732F004212C3 /* Localization.swift */; };
/* End PBXBuildFile section */

/* Begin PBXContainerItemProxy section */
		D767EAB42119FD5800FC313A /* PBXContainerItemProxy */ = {
			isa = PBXContainerItemProxy;
			containerPortal = D767EA972119FD5700FC313A /* Project object */;
			proxyType = 1;
			remoteGlobalIDString = D767EA9E2119FD5700FC313A;
			remoteInfo = Teknio;
		};
/* End PBXContainerItemProxy section */

/* Begin PBXFileReference section */
		454477D543FE7DC262345D5A /* Pods-Teknio.debug.xcconfig */ = {isa = PBXFileReference; includeInIndex = 1; lastKnownFileType = text.xcconfig; name = "Pods-Teknio.debug.xcconfig"; path = "Pods/Target Support Files/Pods-Teknio/Pods-Teknio.debug.xcconfig"; sourceTree = "<group>"; };
		5CFCDC1B5EFEFB105AA92E82 /* Pods-TeknioTests.release.xcconfig */ = {isa = PBXFileReference; includeInIndex = 1; lastKnownFileType = text.xcconfig; name = "Pods-TeknioTests.release.xcconfig"; path = "Pods/Target Support Files/Pods-TeknioTests/Pods-TeknioTests.release.xcconfig"; sourceTree = "<group>"; };
		99137C1631BFB6920DE0FFD4 /* Pods-TeknioTests.debug.xcconfig */ = {isa = PBXFileReference; includeInIndex = 1; lastKnownFileType = text.xcconfig; name = "Pods-TeknioTests.debug.xcconfig"; path = "Pods/Target Support Files/Pods-TeknioTests/Pods-TeknioTests.debug.xcconfig"; sourceTree = "<group>"; };
		B93C20BEAEBF9E010A9FCE76 /* Pods-Teknio.release.xcconfig */ = {isa = PBXFileReference; includeInIndex = 1; lastKnownFileType = text.xcconfig; name = "Pods-Teknio.release.xcconfig"; path = "Pods/Target Support Files/Pods-Teknio/Pods-Teknio.release.xcconfig"; sourceTree = "<group>"; };
		BC88375EE18CF7B0C83BD176 /* Pods_Teknio.framework */ = {isa = PBXFileReference; explicitFileType = wrapper.framework; includeInIndex = 0; path = Pods_Teknio.framework; sourceTree = BUILT_PRODUCTS_DIR; };
		D767EA9F2119FD5700FC313A /* Teknio.app */ = {isa = PBXFileReference; explicitFileType = wrapper.application; includeInIndex = 0; path = Teknio.app; sourceTree = BUILT_PRODUCTS_DIR; };
		D767EAA22119FD5700FC313A /* AppDelegate.swift */ = {isa = PBXFileReference; lastKnownFileType = sourcecode.swift; path = AppDelegate.swift; sourceTree = "<group>"; };
		D767EAA42119FD5700FC313A /* ViewController.swift */ = {isa = PBXFileReference; lastKnownFileType = sourcecode.swift; path = ViewController.swift; sourceTree = "<group>"; };
		D767EAA72119FD5700FC313A /* Base */ = {isa = PBXFileReference; lastKnownFileType = file.storyboard; name = Base; path = Base.lproj/Main.storyboard; sourceTree = "<group>"; };
		D767EAA92119FD5800FC313A /* Assets.xcassets */ = {isa = PBXFileReference; lastKnownFileType = folder.assetcatalog; path = Assets.xcassets; sourceTree = "<group>"; };
		D767EAAC2119FD5800FC313A /* Base */ = {isa = PBXFileReference; lastKnownFileType = file.storyboard; name = Base; path = Base.lproj/LaunchScreen.storyboard; sourceTree = "<group>"; };
		D767EAAE2119FD5800FC313A /* Info.plist */ = {isa = PBXFileReference; lastKnownFileType = text.plist.xml; path = Info.plist; sourceTree = "<group>"; };
		D767EAB32119FD5800FC313A /* TeknioTests.xctest */ = {isa = PBXFileReference; explicitFileType = wrapper.cfbundle; includeInIndex = 0; path = TeknioTests.xctest; sourceTree = BUILT_PRODUCTS_DIR; };
		D767EAB72119FD5800FC313A /* TeknioTests.swift */ = {isa = PBXFileReference; lastKnownFileType = sourcecode.swift; path = TeknioTests.swift; sourceTree = "<group>"; };
		D767EAB92119FD5800FC313A /* Info.plist */ = {isa = PBXFileReference; lastKnownFileType = text.plist.xml; path = Info.plist; sourceTree = "<group>"; };
		D7FE4B56213067A0004212C3 /* ru */ = {isa = PBXFileReference; lastKnownFileType = text.plist.strings; name = ru; path = ru.lproj/Main.strings; sourceTree = "<group>"; };
		D7FE4B6621307274004212C3 /* en */ = {isa = PBXFileReference; lastKnownFileType = text.plist.strings; name = en; path = en.lproj/Localizable.strings; sourceTree = "<group>"; };
		D7FE4B6821307277004212C3 /* ru */ = {isa = PBXFileReference; lastKnownFileType = text.plist.strings; name = ru; path = ru.lproj/Localizable.strings; sourceTree = "<group>"; };
		D7FE4B692130732F004212C3 /* Localization.swift */ = {isa = PBXFileReference; lastKnownFileType = sourcecode.swift; path = Localization.swift; sourceTree = "<group>"; };
		F898B8DEFD458AB690CAC8E6 /* Pods_TeknioTests.framework */ = {isa = PBXFileReference; explicitFileType = wrapper.framework; includeInIndex = 0; path = Pods_TeknioTests.framework; sourceTree = BUILT_PRODUCTS_DIR; };
/* End PBXFileReference section */

/* Begin PBXFrameworksBuildPhase section */
		D767EA9C2119FD5700FC313A /* Frameworks */ = {
			isa = PBXFrameworksBuildPhase;
			buildActionMask = 2147483647;
			files = (
				452801C3AF3CE42CACF92C98 /* Pods_Teknio.framework in Frameworks */,
			);
			runOnlyForDeploymentPostprocessing = 0;
		};
		D767EAB02119FD5800FC313A /* Frameworks */ = {
			isa = PBXFrameworksBuildPhase;
			buildActionMask = 2147483647;
			files = (
				863BD71EB9F9BEF92EB2FEA9 /* Pods_TeknioTests.framework in Frameworks */,
			);
			runOnlyForDeploymentPostprocessing = 0;
		};
/* End PBXFrameworksBuildPhase section */

/* Begin PBXGroup section */
		6DBECCA3668FB72ED6F065FC /* Frameworks */ = {
			isa = PBXGroup;
			children = (
				BC88375EE18CF7B0C83BD176 /* Pods_Teknio.framework */,
				F898B8DEFD458AB690CAC8E6 /* Pods_TeknioTests.framework */,
			);
			name = Frameworks;
			sourceTree = "<group>";
		};
		BBF4155D7B2BED2C2A20375A /* Pods */ = {
			isa = PBXGroup;
			children = (
				454477D543FE7DC262345D5A /* Pods-Teknio.debug.xcconfig */,
				B93C20BEAEBF9E010A9FCE76 /* Pods-Teknio.release.xcconfig */,
				99137C1631BFB6920DE0FFD4 /* Pods-TeknioTests.debug.xcconfig */,
				5CFCDC1B5EFEFB105AA92E82 /* Pods-TeknioTests.release.xcconfig */,
			);
			name = Pods;
			sourceTree = "<group>";
		};
		D76192D3211A3A1500CDED97 /* Resources */ = {
			isa = PBXGroup;
			children = (
				D767EAA92119FD5800FC313A /* Assets.xcassets */,
			);
			path = Resources;
			sourceTree = "<group>";
		};
		D76192D4211A3C6D00CDED97 /* Supporting Files */ = {
			isa = PBXGroup;
			children = (
				D767EAA22119FD5700FC313A /* AppDelegate.swift */,
				D767EAAE2119FD5800FC313A /* Info.plist */,
			);
			path = "Supporting Files";
			sourceTree = "<group>";
		};
		D767EA962119FD5700FC313A = {
			isa = PBXGroup;
			children = (
				D767EAA12119FD5700FC313A /* Teknio */,
				D767EAB62119FD5800FC313A /* TeknioTests */,
				D767EAA02119FD5700FC313A /* Products */,
				BBF4155D7B2BED2C2A20375A /* Pods */,
				6DBECCA3668FB72ED6F065FC /* Frameworks */,
			);
			sourceTree = "<group>";
		};
		D767EAA02119FD5700FC313A /* Products */ = {
			isa = PBXGroup;
			children = (
				D767EA9F2119FD5700FC313A /* Teknio.app */,
				D767EAB32119FD5800FC313A /* TeknioTests.xctest */,
			);
			name = Products;
			sourceTree = "<group>";
		};
		D767EAA12119FD5700FC313A /* Teknio */ = {
			isa = PBXGroup;
			children = (
				D7FE4B5E21306DF9004212C3 /* Classes */,
				D76192D4211A3C6D00CDED97 /* Supporting Files */,
				D76192D3211A3A1500CDED97 /* Resources */,
				D767EAA42119FD5700FC313A /* ViewController.swift */,
				D767EAA62119FD5700FC313A /* Main.storyboard */,
				D767EAAB2119FD5800FC313A /* LaunchScreen.storyboard */,
			);
			path = Teknio;
			sourceTree = "<group>";
		};
		D767EAB62119FD5800FC313A /* TeknioTests */ = {
			isa = PBXGroup;
			children = (
				D767EAB72119FD5800FC313A /* TeknioTests.swift */,
				D767EAB92119FD5800FC313A /* Info.plist */,
			);
			path = TeknioTests;
			sourceTree = "<group>";
		};
		D7FE4B5E21306DF9004212C3 /* Classes */ = {
			isa = PBXGroup;
			children = (
				D7FE4B5F21306E02004212C3 /* Services */,
			);
			path = Classes;
			sourceTree = "<group>";
		};
		D7FE4B5F21306E02004212C3 /* Services */ = {
			isa = PBXGroup;
			children = (
				D7FE4B6021306E2E004212C3 /* Localization */,
			);
			path = Services;
			sourceTree = "<group>";
		};
		D7FE4B6021306E2E004212C3 /* Localization */ = {
			isa = PBXGroup;
			children = (
				D7FE4B6721307274004212C3 /* Localizable.strings */,
				D7FE4B692130732F004212C3 /* Localization.swift */,
			);
			path = Localization;
			sourceTree = "<group>";
		};
/* End PBXGroup section */

/* Begin PBXNativeTarget section */
		D767EA9E2119FD5700FC313A /* Teknio */ = {
			isa = PBXNativeTarget;
			buildConfigurationList = D767EABC2119FD5800FC313A /* Build configuration list for PBXNativeTarget "Teknio" */;
			buildPhases = (
				F09835BFE12FDF82EEFB4D25 /* [CP] Check Pods Manifest.lock */,
				D767EA9B2119FD5700FC313A /* Sources */,
				D767EA9C2119FD5700FC313A /* Frameworks */,
				D767EA9D2119FD5700FC313A /* Resources */,
				DE0765585F895CFA4288D082 /* [CP] Embed Pods Frameworks */,
			);
			buildRules = (
			);
			dependencies = (
			);
			name = Teknio;
			productName = Teknio;
			productReference = D767EA9F2119FD5700FC313A /* Teknio.app */;
			productType = "com.apple.product-type.application";
		};
		D767EAB22119FD5800FC313A /* TeknioTests */ = {
			isa = PBXNativeTarget;
			buildConfigurationList = D767EABF2119FD5800FC313A /* Build configuration list for PBXNativeTarget "TeknioTests" */;
			buildPhases = (
				8B6498A63F1220742FE5EA89 /* [CP] Check Pods Manifest.lock */,
				D767EAAF2119FD5800FC313A /* Sources */,
				D767EAB02119FD5800FC313A /* Frameworks */,
				D767EAB12119FD5800FC313A /* Resources */,
				B8168E0C49F79427DFB17AF3 /* [CP] Embed Pods Frameworks */,
			);
			buildRules = (
			);
			dependencies = (
				D767EAB52119FD5800FC313A /* PBXTargetDependency */,
			);
			name = TeknioTests;
			productName = TeknioTests;
			productReference = D767EAB32119FD5800FC313A /* TeknioTests.xctest */;
			productType = "com.apple.product-type.bundle.unit-test";
		};
/* End PBXNativeTarget section */

/* Begin PBXProject section */
		D767EA972119FD5700FC313A /* Project object */ = {
			isa = PBXProject;
			attributes = {
				LastSwiftUpdateCheck = 0940;
				LastUpgradeCheck = 0940;
				ORGANIZATIONNAME = "Alexey Karataev";
				TargetAttributes = {
					D767EA9E2119FD5700FC313A = {
						CreatedOnToolsVersion = 9.4.1;
						ProvisioningStyle = Automatic;
					};
					D767EAB22119FD5800FC313A = {
						CreatedOnToolsVersion = 9.4.1;
						ProvisioningStyle = Automatic;
						TestTargetID = D767EA9E2119FD5700FC313A;
					};
				};
			};
			buildConfigurationList = D767EA9A2119FD5700FC313A /* Build configuration list for PBXProject "Teknio" */;
			compatibilityVersion = "Xcode 8.0";
			developmentRegion = en;
			hasScannedForEncodings = 0;
			knownRegions = (
				en,
				Base,
				ru,
			);
			mainGroup = D767EA962119FD5700FC313A;
			productRefGroup = D767EAA02119FD5700FC313A /* Products */;
			projectDirPath = "";
			projectRoot = "";
			targets = (
				D767EA9E2119FD5700FC313A /* Teknio */,
				D767EAB22119FD5800FC313A /* TeknioTests */,
			);
		};
/* End PBXProject section */

/* Begin PBXResourcesBuildPhase section */
		D767EA9D2119FD5700FC313A /* Resources */ = {
			isa = PBXResourcesBuildPhase;
			buildActionMask = 2147483647;
			files = (
				D767EAAD2119FD5800FC313A /* LaunchScreen.storyboard in Resources */,
				D7FE4B6521307274004212C3 /* Localizable.strings in Resources */,
				D767EAAA2119FD5800FC313A /* Assets.xcassets in Resources */,
				D767EAA82119FD5700FC313A /* Main.storyboard in Resources */,
			);
			runOnlyForDeploymentPostprocessing = 0;
		};
		D767EAB12119FD5800FC313A /* Resources */ = {
			isa = PBXResourcesBuildPhase;
			buildActionMask = 2147483647;
			files = (
			);
			runOnlyForDeploymentPostprocessing = 0;
		};
/* End PBXResourcesBuildPhase section */

/* Begin PBXShellScriptBuildPhase section */
		8B6498A63F1220742FE5EA89 /* [CP] Check Pods Manifest.lock */ = {
			isa = PBXShellScriptBuildPhase;
			buildActionMask = 2147483647;
			files = (
			);
			inputPaths = (
				"${PODS_PODFILE_DIR_PATH}/Podfile.lock",
				"${PODS_ROOT}/Manifest.lock",
			);
			name = "[CP] Check Pods Manifest.lock";
			outputPaths = (
				"$(DERIVED_FILE_DIR)/Pods-TeknioTests-checkManifestLockResult.txt",
			);
			runOnlyForDeploymentPostprocessing = 0;
			shellPath = /bin/sh;
			shellScript = "diff \"${PODS_PODFILE_DIR_PATH}/Podfile.lock\" \"${PODS_ROOT}/Manifest.lock\" > /dev/null\nif [ $? != 0 ] ; then\n    # print error to STDERR\n    echo \"error: The sandbox is not in sync with the Podfile.lock. Run 'pod install' or update your CocoaPods installation.\" >&2\n    exit 1\nfi\n# This output is used by Xcode 'outputs' to avoid re-running this script phase.\necho \"SUCCESS\" > \"${SCRIPT_OUTPUT_FILE_0}\"\n";
			showEnvVarsInLog = 0;
		};
		B8168E0C49F79427DFB17AF3 /* [CP] Embed Pods Frameworks */ = {
			isa = PBXShellScriptBuildPhase;
			buildActionMask = 2147483647;
			files = (
			);
			inputPaths = (
				"${SRCROOT}/Pods/Target Support Files/Pods-TeknioTests/Pods-TeknioTests-frameworks.sh",
				"${BUILT_PRODUCTS_DIR}/Alamofire/Alamofire.framework",
				"${BUILT_PRODUCTS_DIR}/Bolts/Bolts.framework",
				"${BUILT_PRODUCTS_DIR}/FBSDKCoreKit/FBSDKCoreKit.framework",
				"${BUILT_PRODUCTS_DIR}/FBSDKLoginKit/FBSDKLoginKit.framework",
				"${BUILT_PRODUCTS_DIR}/Moya/Moya.framework",
				"${BUILT_PRODUCTS_DIR}/Realm/Realm.framework",
				"${BUILT_PRODUCTS_DIR}/Result/Result.framework",
				"${BUILT_PRODUCTS_DIR}/RxCocoa/RxCocoa.framework",
				"${BUILT_PRODUCTS_DIR}/RxFeedback/RxFeedback.framework",
				"${BUILT_PRODUCTS_DIR}/RxSwift/RxSwift.framework",
				"${BUILT_PRODUCTS_DIR}/Socket.IO-Client-Swift/SocketIO.framework",
				"${BUILT_PRODUCTS_DIR}/Starscream/Starscream.framework",
				"${BUILT_PRODUCTS_DIR}/Typhoon/Typhoon.framework",
			);
			name = "[CP] Embed Pods Frameworks";
			outputPaths = (
				"${TARGET_BUILD_DIR}/${FRAMEWORKS_FOLDER_PATH}/Alamofire.framework",
				"${TARGET_BUILD_DIR}/${FRAMEWORKS_FOLDER_PATH}/Bolts.framework",
				"${TARGET_BUILD_DIR}/${FRAMEWORKS_FOLDER_PATH}/FBSDKCoreKit.framework",
				"${TARGET_BUILD_DIR}/${FRAMEWORKS_FOLDER_PATH}/FBSDKLoginKit.framework",
				"${TARGET_BUILD_DIR}/${FRAMEWORKS_FOLDER_PATH}/Moya.framework",
				"${TARGET_BUILD_DIR}/${FRAMEWORKS_FOLDER_PATH}/Realm.framework",
				"${TARGET_BUILD_DIR}/${FRAMEWORKS_FOLDER_PATH}/Result.framework",
				"${TARGET_BUILD_DIR}/${FRAMEWORKS_FOLDER_PATH}/RxCocoa.framework",
				"${TARGET_BUILD_DIR}/${FRAMEWORKS_FOLDER_PATH}/RxFeedback.framework",
				"${TARGET_BUILD_DIR}/${FRAMEWORKS_FOLDER_PATH}/RxSwift.framework",
				"${TARGET_BUILD_DIR}/${FRAMEWORKS_FOLDER_PATH}/SocketIO.framework",
				"${TARGET_BUILD_DIR}/${FRAMEWORKS_FOLDER_PATH}/Starscream.framework",
				"${TARGET_BUILD_DIR}/${FRAMEWORKS_FOLDER_PATH}/Typhoon.framework",
			);
			runOnlyForDeploymentPostprocessing = 0;
			shellPath = /bin/sh;
			shellScript = "\"${SRCROOT}/Pods/Target Support Files/Pods-TeknioTests/Pods-TeknioTests-frameworks.sh\"\n";
			showEnvVarsInLog = 0;
		};
		DE0765585F895CFA4288D082 /* [CP] Embed Pods Frameworks */ = {
			isa = PBXShellScriptBuildPhase;
			buildActionMask = 2147483647;
			files = (
			);
			inputPaths = (
				"${SRCROOT}/Pods/Target Support Files/Pods-Teknio/Pods-Teknio-frameworks.sh",
				"${BUILT_PRODUCTS_DIR}/Alamofire/Alamofire.framework",
				"${BUILT_PRODUCTS_DIR}/Bolts/Bolts.framework",
				"${BUILT_PRODUCTS_DIR}/DTModelStorage/DTModelStorage.framework",
				"${BUILT_PRODUCTS_DIR}/DTTableViewManager/DTTableViewManager.framework",
				"${BUILT_PRODUCTS_DIR}/FBSDKCoreKit/FBSDKCoreKit.framework",
				"${BUILT_PRODUCTS_DIR}/FBSDKLoginKit/FBSDKLoginKit.framework",
				"${BUILT_PRODUCTS_DIR}/Moya/Moya.framework",
				"${BUILT_PRODUCTS_DIR}/Realm/Realm.framework",
				"${BUILT_PRODUCTS_DIR}/Result/Result.framework",
				"${BUILT_PRODUCTS_DIR}/RxCocoa/RxCocoa.framework",
				"${BUILT_PRODUCTS_DIR}/RxFeedback/RxFeedback.framework",
				"${BUILT_PRODUCTS_DIR}/RxSwift/RxSwift.framework",
				"${BUILT_PRODUCTS_DIR}/Socket.IO-Client-Swift/SocketIO.framework",
				"${BUILT_PRODUCTS_DIR}/Starscream/Starscream.framework",
				"${BUILT_PRODUCTS_DIR}/Typhoon/Typhoon.framework",
				"${BUILT_PRODUCTS_DIR}/Wormholy/Wormholy.framework",
				"${BUILT_PRODUCTS_DIR}/lottie-ios/Lottie.framework",
			);
			name = "[CP] Embed Pods Frameworks";
			outputPaths = (
				"${TARGET_BUILD_DIR}/${FRAMEWORKS_FOLDER_PATH}/Alamofire.framework",
				"${TARGET_BUILD_DIR}/${FRAMEWORKS_FOLDER_PATH}/Bolts.framework",
				"${TARGET_BUILD_DIR}/${FRAMEWORKS_FOLDER_PATH}/DTModelStorage.framework",
				"${TARGET_BUILD_DIR}/${FRAMEWORKS_FOLDER_PATH}/DTTableViewManager.framework",
				"${TARGET_BUILD_DIR}/${FRAMEWORKS_FOLDER_PATH}/FBSDKCoreKit.framework",
				"${TARGET_BUILD_DIR}/${FRAMEWORKS_FOLDER_PATH}/FBSDKLoginKit.framework",
				"${TARGET_BUILD_DIR}/${FRAMEWORKS_FOLDER_PATH}/Moya.framework",
				"${TARGET_BUILD_DIR}/${FRAMEWORKS_FOLDER_PATH}/Realm.framework",
				"${TARGET_BUILD_DIR}/${FRAMEWORKS_FOLDER_PATH}/Result.framework",
				"${TARGET_BUILD_DIR}/${FRAMEWORKS_FOLDER_PATH}/RxCocoa.framework",
				"${TARGET_BUILD_DIR}/${FRAMEWORKS_FOLDER_PATH}/RxFeedback.framework",
				"${TARGET_BUILD_DIR}/${FRAMEWORKS_FOLDER_PATH}/RxSwift.framework",
				"${TARGET_BUILD_DIR}/${FRAMEWORKS_FOLDER_PATH}/SocketIO.framework",
				"${TARGET_BUILD_DIR}/${FRAMEWORKS_FOLDER_PATH}/Starscream.framework",
				"${TARGET_BUILD_DIR}/${FRAMEWORKS_FOLDER_PATH}/Typhoon.framework",
				"${TARGET_BUILD_DIR}/${FRAMEWORKS_FOLDER_PATH}/Wormholy.framework",
				"${TARGET_BUILD_DIR}/${FRAMEWORKS_FOLDER_PATH}/Lottie.framework",
			);
			runOnlyForDeploymentPostprocessing = 0;
			shellPath = /bin/sh;
			shellScript = "\"${SRCROOT}/Pods/Target Support Files/Pods-Teknio/Pods-Teknio-frameworks.sh\"\n";
			showEnvVarsInLog = 0;
		};
		F09835BFE12FDF82EEFB4D25 /* [CP] Check Pods Manifest.lock */ = {
			isa = PBXShellScriptBuildPhase;
			buildActionMask = 2147483647;
			files = (
			);
			inputPaths = (
				"${PODS_PODFILE_DIR_PATH}/Podfile.lock",
				"${PODS_ROOT}/Manifest.lock",
			);
			name = "[CP] Check Pods Manifest.lock";
			outputPaths = (
				"$(DERIVED_FILE_DIR)/Pods-Teknio-checkManifestLockResult.txt",
			);
			runOnlyForDeploymentPostprocessing = 0;
			shellPath = /bin/sh;
			shellScript = "diff \"${PODS_PODFILE_DIR_PATH}/Podfile.lock\" \"${PODS_ROOT}/Manifest.lock\" > /dev/null\nif [ $? != 0 ] ; then\n    # print error to STDERR\n    echo \"error: The sandbox is not in sync with the Podfile.lock. Run 'pod install' or update your CocoaPods installation.\" >&2\n    exit 1\nfi\n# This output is used by Xcode 'outputs' to avoid re-running this script phase.\necho \"SUCCESS\" > \"${SCRIPT_OUTPUT_FILE_0}\"\n";
			showEnvVarsInLog = 0;
		};
/* End PBXShellScriptBuildPhase section */

/* Begin PBXSourcesBuildPhase section */
		D767EA9B2119FD5700FC313A /* Sources */ = {
			isa = PBXSourcesBuildPhase;
			buildActionMask = 2147483647;
			files = (
				D767EAA52119FD5700FC313A /* ViewController.swift in Sources */,
				D767EAA32119FD5700FC313A /* AppDelegate.swift in Sources */,
				D7FE4B6A2130732F004212C3 /* Localization.swift in Sources */,
			);
			runOnlyForDeploymentPostprocessing = 0;
		};
		D767EAAF2119FD5800FC313A /* Sources */ = {
			isa = PBXSourcesBuildPhase;
			buildActionMask = 2147483647;
			files = (
				D767EAB82119FD5800FC313A /* TeknioTests.swift in Sources */,
			);
			runOnlyForDeploymentPostprocessing = 0;
		};
/* End PBXSourcesBuildPhase section */

/* Begin PBXTargetDependency section */
		D767EAB52119FD5800FC313A /* PBXTargetDependency */ = {
			isa = PBXTargetDependency;
			target = D767EA9E2119FD5700FC313A /* Teknio */;
			targetProxy = D767EAB42119FD5800FC313A /* PBXContainerItemProxy */;
		};
/* End PBXTargetDependency section */

/* Begin PBXVariantGroup section */
		D767EAA62119FD5700FC313A /* Main.storyboard */ = {
			isa = PBXVariantGroup;
			children = (
				D767EAA72119FD5700FC313A /* Base */,
				D7FE4B56213067A0004212C3 /* ru */,
			);
			name = Main.storyboard;
			sourceTree = "<group>";
		};
		D767EAAB2119FD5800FC313A /* LaunchScreen.storyboard */ = {
			isa = PBXVariantGroup;
			children = (
				D767EAAC2119FD5800FC313A /* Base */,
			);
			name = LaunchScreen.storyboard;
			sourceTree = "<group>";
		};
		D7FE4B6721307274004212C3 /* Localizable.strings */ = {
			isa = PBXVariantGroup;
			children = (
				D7FE4B6621307274004212C3 /* en */,
				D7FE4B6821307277004212C3 /* ru */,
			);
			name = Localizable.strings;
			sourceTree = "<group>";
		};
/* End PBXVariantGroup section */

/* Begin XCBuildConfiguration section */
		D767EABA2119FD5800FC313A /* Debug */ = {
			isa = XCBuildConfiguration;
			buildSettings = {
				ALWAYS_SEARCH_USER_PATHS = NO;
				CLANG_ANALYZER_LOCALIZABILITY_NONLOCALIZED = YES;
				CLANG_ANALYZER_NONNULL = YES;
				CLANG_ANALYZER_NUMBER_OBJECT_CONVERSION = YES_AGGRESSIVE;
				CLANG_CXX_LANGUAGE_STANDARD = "gnu++14";
				CLANG_CXX_LIBRARY = "libc++";
				CLANG_ENABLE_MODULES = YES;
				CLANG_ENABLE_OBJC_ARC = YES;
				CLANG_ENABLE_OBJC_WEAK = YES;
				CLANG_WARN_BLOCK_CAPTURE_AUTORELEASING = YES;
				CLANG_WARN_BOOL_CONVERSION = YES;
				CLANG_WARN_COMMA = YES;
				CLANG_WARN_CONSTANT_CONVERSION = YES;
				CLANG_WARN_DEPRECATED_OBJC_IMPLEMENTATIONS = YES;
				CLANG_WARN_DIRECT_OBJC_ISA_USAGE = YES_ERROR;
				CLANG_WARN_DOCUMENTATION_COMMENTS = YES;
				CLANG_WARN_EMPTY_BODY = YES;
				CLANG_WARN_ENUM_CONVERSION = YES;
				CLANG_WARN_INFINITE_RECURSION = YES;
				CLANG_WARN_INT_CONVERSION = YES;
				CLANG_WARN_NON_LITERAL_NULL_CONVERSION = YES;
				CLANG_WARN_OBJC_IMPLICIT_RETAIN_SELF = YES;
				CLANG_WARN_OBJC_LITERAL_CONVERSION = YES;
				CLANG_WARN_OBJC_ROOT_CLASS = YES_ERROR;
				CLANG_WARN_RANGE_LOOP_ANALYSIS = YES;
				CLANG_WARN_STRICT_PROTOTYPES = YES;
				CLANG_WARN_SUSPICIOUS_MOVE = YES;
				CLANG_WARN_UNGUARDED_AVAILABILITY = YES_AGGRESSIVE;
				CLANG_WARN_UNREACHABLE_CODE = YES;
				CLANG_WARN__DUPLICATE_METHOD_MATCH = YES;
				CODE_SIGN_IDENTITY = "iPhone Developer";
				COPY_PHASE_STRIP = NO;
				DEBUG_INFORMATION_FORMAT = dwarf;
				ENABLE_STRICT_OBJC_MSGSEND = YES;
				ENABLE_TESTABILITY = YES;
				GCC_C_LANGUAGE_STANDARD = gnu11;
				GCC_DYNAMIC_NO_PIC = NO;
				GCC_NO_COMMON_BLOCKS = YES;
				GCC_OPTIMIZATION_LEVEL = 0;
				GCC_PREPROCESSOR_DEFINITIONS = (
					"DEBUG=1",
					"$(inherited)",
				);
				GCC_WARN_64_TO_32_BIT_CONVERSION = YES;
				GCC_WARN_ABOUT_RETURN_TYPE = YES_ERROR;
				GCC_WARN_UNDECLARED_SELECTOR = YES;
				GCC_WARN_UNINITIALIZED_AUTOS = YES_AGGRESSIVE;
				GCC_WARN_UNUSED_FUNCTION = YES;
				GCC_WARN_UNUSED_VARIABLE = YES;
				IPHONEOS_DEPLOYMENT_TARGET = 11.4;
				MTL_ENABLE_DEBUG_INFO = YES;
				ONLY_ACTIVE_ARCH = YES;
				SDKROOT = iphoneos;
				SWIFT_ACTIVE_COMPILATION_CONDITIONS = DEBUG;
				SWIFT_OPTIMIZATION_LEVEL = "-Onone";
			};
			name = Debug;
		};
		D767EABB2119FD5800FC313A /* Release */ = {
			isa = XCBuildConfiguration;
			buildSettings = {
				ALWAYS_SEARCH_USER_PATHS = NO;
				CLANG_ANALYZER_LOCALIZABILITY_NONLOCALIZED = YES;
				CLANG_ANALYZER_NONNULL = YES;
				CLANG_ANALYZER_NUMBER_OBJECT_CONVERSION = YES_AGGRESSIVE;
				CLANG_CXX_LANGUAGE_STANDARD = "gnu++14";
				CLANG_CXX_LIBRARY = "libc++";
				CLANG_ENABLE_MODULES = YES;
				CLANG_ENABLE_OBJC_ARC = YES;
				CLANG_ENABLE_OBJC_WEAK = YES;
				CLANG_WARN_BLOCK_CAPTURE_AUTORELEASING = YES;
				CLANG_WARN_BOOL_CONVERSION = YES;
				CLANG_WARN_COMMA = YES;
				CLANG_WARN_CONSTANT_CONVERSION = YES;
				CLANG_WARN_DEPRECATED_OBJC_IMPLEMENTATIONS = YES;
				CLANG_WARN_DIRECT_OBJC_ISA_USAGE = YES_ERROR;
				CLANG_WARN_DOCUMENTATION_COMMENTS = YES;
				CLANG_WARN_EMPTY_BODY = YES;
				CLANG_WARN_ENUM_CONVERSION = YES;
				CLANG_WARN_INFINITE_RECURSION = YES;
				CLANG_WARN_INT_CONVERSION = YES;
				CLANG_WARN_NON_LITERAL_NULL_CONVERSION = YES;
				CLANG_WARN_OBJC_IMPLICIT_RETAIN_SELF = YES;
				CLANG_WARN_OBJC_LITERAL_CONVERSION = YES;
				CLANG_WARN_OBJC_ROOT_CLASS = YES_ERROR;
				CLANG_WARN_RANGE_LOOP_ANALYSIS = YES;
				CLANG_WARN_STRICT_PROTOTYPES = YES;
				CLANG_WARN_SUSPICIOUS_MOVE = YES;
				CLANG_WARN_UNGUARDED_AVAILABILITY = YES_AGGRESSIVE;
				CLANG_WARN_UNREACHABLE_CODE = YES;
				CLANG_WARN__DUPLICATE_METHOD_MATCH = YES;
				CODE_SIGN_IDENTITY = "iPhone Developer";
				COPY_PHASE_STRIP = NO;
				DEBUG_INFORMATION_FORMAT = "dwarf-with-dsym";
				ENABLE_NS_ASSERTIONS = NO;
				ENABLE_STRICT_OBJC_MSGSEND = YES;
				GCC_C_LANGUAGE_STANDARD = gnu11;
				GCC_NO_COMMON_BLOCKS = YES;
				GCC_WARN_64_TO_32_BIT_CONVERSION = YES;
				GCC_WARN_ABOUT_RETURN_TYPE = YES_ERROR;
				GCC_WARN_UNDECLARED_SELECTOR = YES;
				GCC_WARN_UNINITIALIZED_AUTOS = YES_AGGRESSIVE;
				GCC_WARN_UNUSED_FUNCTION = YES;
				GCC_WARN_UNUSED_VARIABLE = YES;
				IPHONEOS_DEPLOYMENT_TARGET = 11.4;
				MTL_ENABLE_DEBUG_INFO = NO;
				SDKROOT = iphoneos;
				SWIFT_OPTIMIZATION_LEVEL = "-Owholemodule";
				VALIDATE_PRODUCT = YES;
			};
			name = Release;
		};
		D767EABD2119FD5800FC313A /* Debug */ = {
			isa = XCBuildConfiguration;
			baseConfigurationReference = 454477D543FE7DC262345D5A /* Pods-Teknio.debug.xcconfig */;
			buildSettings = {
				ASSETCATALOG_COMPILER_APPICON_NAME = AppIcon;
				ASSETCATALOG_COMPILER_LAUNCHIMAGE_NAME = LaunchImage;
				CODE_SIGN_STYLE = Automatic;
				DEVELOPMENT_TEAM = U67ZU8H7H4;
				INFOPLIST_FILE = "$(SRCROOT)/Teknio/Supporting Files/Info.plist";
				LD_RUNPATH_SEARCH_PATHS = "$(inherited) @executable_path/Frameworks";
				PRODUCT_BUNDLE_IDENTIFIER = com.akarataev.Teknio;
				PRODUCT_NAME = "$(TARGET_NAME)";
				SWIFT_VERSION = 4.0;
				TARGETED_DEVICE_FAMILY = 1;
			};
			name = Debug;
		};
		D767EABE2119FD5800FC313A /* Release */ = {
			isa = XCBuildConfiguration;
			baseConfigurationReference = B93C20BEAEBF9E010A9FCE76 /* Pods-Teknio.release.xcconfig */;
			buildSettings = {
				ASSETCATALOG_COMPILER_APPICON_NAME = AppIcon;
				ASSETCATALOG_COMPILER_LAUNCHIMAGE_NAME = LaunchImage;
				CODE_SIGN_STYLE = Automatic;
				DEVELOPMENT_TEAM = U67ZU8H7H4;
				INFOPLIST_FILE = "$(SRCROOT)/Teknio/Supporting Files/Info.plist";
				LD_RUNPATH_SEARCH_PATHS = "$(inherited) @executable_path/Frameworks";
				PRODUCT_BUNDLE_IDENTIFIER = com.akarataev.Teknio;
				PRODUCT_NAME = "$(TARGET_NAME)";
				SWIFT_VERSION = 4.0;
				TARGETED_DEVICE_FAMILY = 1;
			};
			name = Release;
		};
		D767EAC02119FD5800FC313A /* Debug */ = {
			isa = XCBuildConfiguration;
			baseConfigurationReference = 99137C1631BFB6920DE0FFD4 /* Pods-TeknioTests.debug.xcconfig */;
			buildSettings = {
				ALWAYS_EMBED_SWIFT_STANDARD_LIBRARIES = YES;
				BUNDLE_LOADER = "$(TEST_HOST)";
				CODE_SIGN_STYLE = Automatic;
				DEVELOPMENT_TEAM = U67ZU8H7H4;
				INFOPLIST_FILE = TeknioTests/Info.plist;
				LD_RUNPATH_SEARCH_PATHS = "$(inherited) @executable_path/Frameworks @loader_path/Frameworks";
				PRODUCT_BUNDLE_IDENTIFIER = com.akarataev.TeknioTests;
				PRODUCT_NAME = "$(TARGET_NAME)";
				SWIFT_VERSION = 4.0;
				TARGETED_DEVICE_FAMILY = "1,2";
				TEST_HOST = "$(BUILT_PRODUCTS_DIR)/Teknio.app/Teknio";
			};
			name = Debug;
		};
		D767EAC12119FD5800FC313A /* Release */ = {
			isa = XCBuildConfiguration;
			baseConfigurationReference = 5CFCDC1B5EFEFB105AA92E82 /* Pods-TeknioTests.release.xcconfig */;
			buildSettings = {
				ALWAYS_EMBED_SWIFT_STANDARD_LIBRARIES = YES;
				BUNDLE_LOADER = "$(TEST_HOST)";
				CODE_SIGN_STYLE = Automatic;
				DEVELOPMENT_TEAM = U67ZU8H7H4;
				INFOPLIST_FILE = TeknioTests/Info.plist;
				LD_RUNPATH_SEARCH_PATHS = "$(inherited) @executable_path/Frameworks @loader_path/Frameworks";
				PRODUCT_BUNDLE_IDENTIFIER = com.akarataev.TeknioTests;
				PRODUCT_NAME = "$(TARGET_NAME)";
				SWIFT_VERSION = 4.0;
				TARGETED_DEVICE_FAMILY = "1,2";
				TEST_HOST = "$(BUILT_PRODUCTS_DIR)/Teknio.app/Teknio";
			};
			name = Release;
		};
/* End XCBuildConfiguration section */

/* Begin XCConfigurationList section */
		D767EA9A2119FD5700FC313A /* Build configuration list for PBXProject "Teknio" */ = {
			isa = XCConfigurationList;
			buildConfigurations = (
				D767EABA2119FD5800FC313A /* Debug */,
				D767EABB2119FD5800FC313A /* Release */,
			);
			defaultConfigurationIsVisible = 0;
			defaultConfigurationName = Release;
		};
		D767EABC2119FD5800FC313A /* Build configuration list for PBXNativeTarget "Teknio" */ = {
			isa = XCConfigurationList;
			buildConfigurations = (
				D767EABD2119FD5800FC313A /* Debug */,
				D767EABE2119FD5800FC313A /* Release */,
			);
			defaultConfigurationIsVisible = 0;
			defaultConfigurationName = Release;
		};
		D767EABF2119FD5800FC313A /* Build configuration list for PBXNativeTarget "TeknioTests" */ = {
			isa = XCConfigurationList;
			buildConfigurations = (
				D767EAC02119FD5800FC313A /* Debug */,
				D767EAC12119FD5800FC313A /* Release */,
			);
			defaultConfigurationIsVisible = 0;
			defaultConfigurationName = Release;
		};
/* End XCConfigurationList section */
	};
	rootObject = D767EA972119FD5700FC313A /* Project object */;
}
